// !$*UTF8*$!
{
	archiveVersion = 1;
	classes = {
	};
	objectVersion = 48;
	objects = {

/* Begin PBXBuildFile section */
		A504884B1FE05531006D23FE /* Constants.swift in Sources */ = {isa = PBXBuildFile; fileRef = A504884A1FE05531006D23FE /* Constants.swift */; };
		A504884D1FE057F8006D23FE /* CurrentWeather.swift in Sources */ = {isa = PBXBuildFile; fileRef = A504884C1FE057F8006D23FE /* CurrentWeather.swift */; };
		A54DF8A21FDFE7B600C78248 /* AppDelegate.swift in Sources */ = {isa = PBXBuildFile; fileRef = A54DF8A11FDFE7B600C78248 /* AppDelegate.swift */; };
		A54DF8A41FDFE7B600C78248 /* weatherVC.swift in Sources */ = {isa = PBXBuildFile; fileRef = A54DF8A31FDFE7B600C78248 /* weatherVC.swift */; };
		A54DF8A71FDFE7B600C78248 /* Main.storyboard in Resources */ = {isa = PBXBuildFile; fileRef = A54DF8A51FDFE7B600C78248 /* Main.storyboard */; };
		A54DF8A91FDFE7B600C78248 /* Assets.xcassets in Resources */ = {isa = PBXBuildFile; fileRef = A54DF8A81FDFE7B600C78248 /* Assets.xcassets */; };
		A54DF8AC1FDFE7B600C78248 /* LaunchScreen.storyboard in Resources */ = {isa = PBXBuildFile; fileRef = A54DF8AA1FDFE7B600C78248 /* LaunchScreen.storyboard */; };
		A56147A71FE1639600ED98B8 /* Location.swift in Sources */ = {isa = PBXBuildFile; fileRef = A56147A61FE1639600ED98B8 /* Location.swift */; };
		A5DDC9891FE1444A0053FC1B /* WeatherCell.swift in Sources */ = {isa = PBXBuildFile; fileRef = A5DDC9881FE1444A0053FC1B /* WeatherCell.swift */; };
		A5F941131FE11D29009A828D /* Forcast.swift in Sources */ = {isa = PBXBuildFile; fileRef = A5F941121FE11D29009A828D /* Forcast.swift */; };
		D73B890C431E7E05185F874C /* Pods_WeatherApp.framework in Frameworks */ = {isa = PBXBuildFile; fileRef = F064E5DD13D152E068335901 /* Pods_WeatherApp.framework */; };
/* End PBXBuildFile section */

/* Begin PBXFileReference section */
		4DC927DC91A91E6A8951BBDD /* Pods-WeatherApp.release.xcconfig */ = {isa = PBXFileReference; includeInIndex = 1; lastKnownFileType = text.xcconfig; name = "Pods-WeatherApp.release.xcconfig"; path = "Pods/Target Support Files/Pods-WeatherApp/Pods-WeatherApp.release.xcconfig"; sourceTree = "<group>"; };
		6ED27C970D56A66D51C2B7DE /* Pods-WeatherApp.debug.xcconfig */ = {isa = PBXFileReference; includeInIndex = 1; lastKnownFileType = text.xcconfig; name = "Pods-WeatherApp.debug.xcconfig"; path = "Pods/Target Support Files/Pods-WeatherApp/Pods-WeatherApp.debug.xcconfig"; sourceTree = "<group>"; };
		A504884A1FE05531006D23FE /* Constants.swift */ = {isa = PBXFileReference; lastKnownFileType = sourcecode.swift; path = Constants.swift; sourceTree = "<group>"; };
		A504884C1FE057F8006D23FE /* CurrentWeather.swift */ = {isa = PBXFileReference; lastKnownFileType = sourcecode.swift; path = CurrentWeather.swift; sourceTree = "<group>"; };
		A54DF89E1FDFE7B600C78248 /* WeatherApp.app */ = {isa = PBXFileReference; explicitFileType = wrapper.application; includeInIndex = 0; path = WeatherApp.app; sourceTree = BUILT_PRODUCTS_DIR; };
		A54DF8A11FDFE7B600C78248 /* AppDelegate.swift */ = {isa = PBXFileReference; lastKnownFileType = sourcecode.swift; path = AppDelegate.swift; sourceTree = "<group>"; };
		A54DF8A31FDFE7B600C78248 /* weatherVC.swift */ = {isa = PBXFileReference; lastKnownFileType = sourcecode.swift; path = weatherVC.swift; sourceTree = "<group>"; };
		A54DF8A61FDFE7B600C78248 /* Base */ = {isa = PBXFileReference; lastKnownFileType = file.storyboard; name = Base; path = Base.lproj/Main.storyboard; sourceTree = "<group>"; };
		A54DF8A81FDFE7B600C78248 /* Assets.xcassets */ = {isa = PBXFileReference; lastKnownFileType = folder.assetcatalog; path = Assets.xcassets; sourceTree = "<group>"; };
		A54DF8AB1FDFE7B600C78248 /* Base */ = {isa = PBXFileReference; lastKnownFileType = file.storyboard; name = Base; path = Base.lproj/LaunchScreen.storyboard; sourceTree = "<group>"; };
		A54DF8AD1FDFE7B600C78248 /* Info.plist */ = {isa = PBXFileReference; lastKnownFileType = text.plist.xml; path = Info.plist; sourceTree = "<group>"; };
		A56147A61FE1639600ED98B8 /* Location.swift */ = {isa = PBXFileReference; lastKnownFileType = sourcecode.swift; path = Location.swift; sourceTree = "<group>"; };
		A5DDC9881FE1444A0053FC1B /* WeatherCell.swift */ = {isa = PBXFileReference; lastKnownFileType = sourcecode.swift; path = WeatherCell.swift; sourceTree = "<group>"; };
		A5F941121FE11D29009A828D /* Forcast.swift */ = {isa = PBXFileReference; lastKnownFileType = sourcecode.swift; path = Forcast.swift; sourceTree = "<group>"; };
		F064E5DD13D152E068335901 /* Pods_WeatherApp.framework */ = {isa = PBXFileReference; explicitFileType = wrapper.framework; includeInIndex = 0; path = Pods_WeatherApp.framework; sourceTree = BUILT_PRODUCTS_DIR; };
/* End PBXFileReference section */

/* Begin PBXFrameworksBuildPhase section */
		A54DF89B1FDFE7B600C78248 /* Frameworks */ = {
			isa = PBXFrameworksBuildPhase;
			buildActionMask = 2147483647;
			files = (
				D73B890C431E7E05185F874C /* Pods_WeatherApp.framework in Frameworks */,
			);
			runOnlyForDeploymentPostprocessing = 0;
		};
/* End PBXFrameworksBuildPhase section */

/* Begin PBXGroup section */
		04024C520007A59FC48AC818 /* Pods */ = {
			isa = PBXGroup;
			children = (
				6ED27C970D56A66D51C2B7DE /* Pods-WeatherApp.debug.xcconfig */,
				4DC927DC91A91E6A8951BBDD /* Pods-WeatherApp.release.xcconfig */,
			);
			name = Pods;
			sourceTree = "<group>";
		};
		A50488471FE05472006D23FE /* Model */ = {
			isa = PBXGroup;
			children = (
				A504884A1FE05531006D23FE /* Constants.swift */,
				A504884C1FE057F8006D23FE /* CurrentWeather.swift */,
				A5F941121FE11D29009A828D /* Forcast.swift */,
				A56147A61FE1639600ED98B8 /* Location.swift */,
			);
			path = Model;
			sourceTree = "<group>";
		};
		A50488481FE0547A006D23FE /* View */ = {
			isa = PBXGroup;
			children = (
				A5DDC9881FE1444A0053FC1B /* WeatherCell.swift */,
			);
			path = View;
			sourceTree = "<group>";
		};
		A50488491FE05485006D23FE /* Controller */ = {
			isa = PBXGroup;
			children = (
				A54DF8A31FDFE7B600C78248 /* weatherVC.swift */,
			);
			path = Controller;
			sourceTree = "<group>";
		};
		A54DF8951FDFE7B600C78248 = {
			isa = PBXGroup;
			children = (
				A54DF8A01FDFE7B600C78248 /* WeatherApp */,
				A54DF89F1FDFE7B600C78248 /* Products */,
				04024C520007A59FC48AC818 /* Pods */,
				DE273F1763362826D219063C /* Frameworks */,
			);
			sourceTree = "<group>";
		};
		A54DF89F1FDFE7B600C78248 /* Products */ = {
			isa = PBXGroup;
			children = (
				A54DF89E1FDFE7B600C78248 /* WeatherApp.app */,
			);
			name = Products;
			sourceTree = "<group>";
		};
		A54DF8A01FDFE7B600C78248 /* WeatherApp */ = {
			isa = PBXGroup;
			children = (
				A50488491FE05485006D23FE /* Controller */,
				A50488481FE0547A006D23FE /* View */,
				A50488471FE05472006D23FE /* Model */,
				A54DF8A11FDFE7B600C78248 /* AppDelegate.swift */,
				A54DF8A81FDFE7B600C78248 /* Assets.xcassets */,
				A54DF8A51FDFE7B600C78248 /* Main.storyboard */,
				A54DF8AA1FDFE7B600C78248 /* LaunchScreen.storyboard */,
				A54DF8AD1FDFE7B600C78248 /* Info.plist */,
			);
			path = WeatherApp;
			sourceTree = "<group>";
		};
		DE273F1763362826D219063C /* Frameworks */ = {
			isa = PBXGroup;
			children = (
				F064E5DD13D152E068335901 /* Pods_WeatherApp.framework */,
			);
			name = Frameworks;
			sourceTree = "<group>";
		};
/* End PBXGroup section */

/* Begin PBXNativeTarget section */
		A54DF89D1FDFE7B600C78248 /* WeatherApp */ = {
			isa = PBXNativeTarget;
			buildConfigurationList = A54DF8B01FDFE7B600C78248 /* Build configuration list for PBXNativeTarget "WeatherApp" */;
			buildPhases = (
				0300757E699BAD528684EEDA /* [CP] Check Pods Manifest.lock */,
				A54DF89A1FDFE7B600C78248 /* Sources */,
				A54DF89B1FDFE7B600C78248 /* Frameworks */,
				A54DF89C1FDFE7B600C78248 /* Resources */,
				42C6506D61DB1D48A9983D14 /* [CP] Embed Pods Frameworks */,
				1711F96E3AC956AD9A9E2390 /* [CP] Copy Pods Resources */,
			);
			buildRules = (
			);
			dependencies = (
			);
			name = WeatherApp;
			productName = WeatherApp;
			productReference = A54DF89E1FDFE7B600C78248 /* WeatherApp.app */;
			productType = "com.apple.product-type.application";
		};
/* End PBXNativeTarget section */

/* Begin PBXProject section */
		A54DF8961FDFE7B600C78248 /* Project object */ = {
			isa = PBXProject;
			attributes = {
				LastSwiftUpdateCheck = 0920;
				LastUpgradeCheck = 0920;
				ORGANIZATIONNAME = "Mohammed Elnaggar";
				TargetAttributes = {
					A54DF89D1FDFE7B600C78248 = {
						CreatedOnToolsVersion = 9.2;
						ProvisioningStyle = Automatic;
					};
				};
			};
			buildConfigurationList = A54DF8991FDFE7B600C78248 /* Build configuration list for PBXProject "WeatherApp" */;
			compatibilityVersion = "Xcode 8.0";
			developmentRegion = en;
			hasScannedForEncodings = 0;
			knownRegions = (
				en,
				Base,
			);
			mainGroup = A54DF8951FDFE7B600C78248;
			productRefGroup = A54DF89F1FDFE7B600C78248 /* Products */;
			projectDirPath = "";
			projectRoot = "";
			targets = (
				A54DF89D1FDFE7B600C78248 /* WeatherApp */,
			);
		};
/* End PBXProject section */

/* Begin PBXResourcesBuildPhase section */
		A54DF89C1FDFE7B600C78248 /* Resources */ = {
			isa = PBXResourcesBuildPhase;
			buildActionMask = 2147483647;
			files = (
				A54DF8AC1FDFE7B600C78248 /* LaunchScreen.storyboard in Resources */,
				A54DF8A91FDFE7B600C78248 /* Assets.xcassets in Resources */,
				A54DF8A71FDFE7B600C78248 /* Main.storyboard in Resources */,
			);
			runOnlyForDeploymentPostprocessing = 0;
		};
/* End PBXResourcesBuildPhase section */

/* Begin PBXShellScriptBuildPhase section */
		0300757E699BAD528684EEDA /* [CP] Check Pods Manifest.lock */ = {
			isa = PBXShellScriptBuildPhase;
			buildActionMask = 2147483647;
			files = (
			);
			inputPaths = (
				"${PODS_PODFILE_DIR_PATH}/Podfile.lock",
				"${PODS_ROOT}/Manifest.lock",
			);
			name = "[CP] Check Pods Manifest.lock";
			outputPaths = (
				"$(DERIVED_FILE_DIR)/Pods-WeatherApp-checkManifestLockResult.txt",
			);
			runOnlyForDeploymentPostprocessing = 0;
			shellPath = /bin/sh;
			shellScript = "diff \"${PODS_PODFILE_DIR_PATH}/Podfile.lock\" \"${PODS_ROOT}/Manifest.lock\" > /dev/null\nif [ $? != 0 ] ; then\n    # print error to STDERR\n    echo \"error: The sandbox is not in sync with the Podfile.lock. Run 'pod install' or update your CocoaPods installation.\" >&2\n    exit 1\nfi\n# This output is used by Xcode 'outputs' to avoid re-running this script phase.\necho \"SUCCESS\" > \"${SCRIPT_OUTPUT_FILE_0}\"\n";
			showEnvVarsInLog = 0;
		};
		1711F96E3AC956AD9A9E2390 /* [CP] Copy Pods Resources */ = {
			isa = PBXShellScriptBuildPhase;
			buildActionMask = 2147483647;
			files = (
			);
			inputPaths = (
			);
			name = "[CP] Copy Pods Resources";
			outputPaths = (
			);
			runOnlyForDeploymentPostprocessing = 0;
			shellPath = /bin/sh;
			shellScript = "\"${SRCROOT}/Pods/Target Support Files/Pods-WeatherApp/Pods-WeatherApp-resources.sh\"\n";
			showEnvVarsInLog = 0;
		};
		42C6506D61DB1D48A9983D14 /* [CP] Embed Pods Frameworks */ = {
			isa = PBXShellScriptBuildPhase;
			buildActionMask = 2147483647;
			files = (
			);
			inputPaths = (
				"${SRCROOT}/Pods/Target Support Files/Pods-WeatherApp/Pods-WeatherApp-frameworks.sh",
				"${BUILT_PRODUCTS_DIR}/Alamofire/Alamofire.framework",
			);
			name = "[CP] Embed Pods Frameworks";
			outputPaths = (
				"${TARGET_BUILD_DIR}/${FRAMEWORKS_FOLDER_PATH}/Alamofire.framework",
			);
			runOnlyForDeploymentPostprocessing = 0;
			shellPath = /bin/sh;
			shellScript = "\"${SRCROOT}/Pods/Target Support Files/Pods-WeatherApp/Pods-WeatherApp-frameworks.sh\"\n";
			showEnvVarsInLog = 0;
		};
/* End PBXShellScriptBuildPhase section */

/* Begin PBXSourcesBuildPhase section */
		A54DF89A1FDFE7B600C78248 /* Sources */ = {
			isa = PBXSourcesBuildPhase;
			buildActionMask = 2147483647;
			files = (
				A54DF8A41FDFE7B600C78248 /* weatherVC.swift in Sources */,
				A5F941131FE11D29009A828D /* Forcast.swift in Sources */,
				A5DDC9891FE1444A0053FC1B /* WeatherCell.swift in Sources */,
				A54DF8A21FDFE7B600C78248 /* AppDelegate.swift in Sources */,
				A504884D1FE057F8006D23FE /* CurrentWeather.swift in Sources */,
				A504884B1FE05531006D23FE /* Constants.swift in Sources */,
				A56147A71FE1639600ED98B8 /* Location.swift in Sources */,
			);
			runOnlyForDeploymentPostprocessing = 0;
		};
/* End PBXSourcesBuildPhase section */

/* Begin PBXVariantGroup section */
		A54DF8A51FDFE7B600C78248 /* Main.storyboard */ = {
			isa = PBXVariantGroup;
			children = (
				A54DF8A61FDFE7B600C78248 /* Base */,
			);
			name = Main.storyboard;
			sourceTree = "<group>";
		};
		A54DF8AA1FDFE7B600C78248 /* LaunchScreen.storyboard */ = {
			isa = PBXVariantGroup;
			children = (
				A54DF8AB1FDFE7B600C78248 /* Base */,
			);
			name = LaunchScreen.storyboard;
			sourceTree = "<group>";
		};
/* End PBXVariantGroup section */

/* Begin XCBuildConfiguration section */
		A54DF8AE1FDFE7B600C78248 /* Debug */ = {
			isa = XCBuildConfiguration;
			buildSettings = {
				ALWAYS_SEARCH_USER_PATHS = NO;
				CLANG_ANALYZER_NONNULL = YES;
				CLANG_ANALYZER_NUMBER_OBJECT_CONVERSION = YES_AGGRESSIVE;
				CLANG_CXX_LANGUAGE_STANDARD = "gnu++14";
				CLANG_CXX_LIBRARY = "libc++";
				CLANG_ENABLE_MODULES = YES;
				CLANG_ENABLE_OBJC_ARC = YES;
				CLANG_WARN_BLOCK_CAPTURE_AUTORELEASING = YES;
				CLANG_WARN_BOOL_CONVERSION = YES;
				CLANG_WARN_COMMA = YES;
				CLANG_WARN_CONSTANT_CONVERSION = YES;
				CLANG_WARN_DIRECT_OBJC_ISA_USAGE = YES_ERROR;
				CLANG_WARN_DOCUMENTATION_COMMENTS = YES;
				CLANG_WARN_EMPTY_BODY = YES;
				CLANG_WARN_ENUM_CONVERSION = YES;
				CLANG_WARN_INFINITE_RECURSION = YES;
				CLANG_WARN_INT_CONVERSION = YES;
				CLANG_WARN_NON_LITERAL_NULL_CONVERSION = YES;
				CLANG_WARN_OBJC_LITERAL_CONVERSION = YES;
				CLANG_WARN_OBJC_ROOT_CLASS = YES_ERROR;
				CLANG_WARN_RANGE_LOOP_ANALYSIS = YES;
				CLANG_WARN_STRICT_PROTOTYPES = YES;
				CLANG_WARN_SUSPICIOUS_MOVE = YES;
				CLANG_WARN_UNGUARDED_AVAILABILITY = YES_AGGRESSIVE;
				CLANG_WARN_UNREACHABLE_CODE = YES;
				CLANG_WARN__DUPLICATE_METHOD_MATCH = YES;
				CODE_SIGN_IDENTITY = "iPhone Developer";
				COPY_PHASE_STRIP = NO;
				DEBUG_INFORMATION_FORMAT = dwarf;
				ENABLE_STRICT_OBJC_MSGSEND = YES;
				ENABLE_TESTABILITY = YES;
				GCC_C_LANGUAGE_STANDARD = gnu11;
				GCC_DYNAMIC_NO_PIC = NO;
				GCC_NO_COMMON_BLOCKS = YES;
				GCC_OPTIMIZATION_LEVEL = 0;
				GCC_PREPROCESSOR_DEFINITIONS = (
					"DEBUG=1",
					"$(inherited)",
				);
				GCC_WARN_64_TO_32_BIT_CONVERSION = YES;
				GCC_WARN_ABOUT_RETURN_TYPE = YES_ERROR;
				GCC_WARN_UNDECLARED_SELECTOR = YES;
				GCC_WARN_UNINITIALIZED_AUTOS = YES_AGGRESSIVE;
				GCC_WARN_UNUSED_FUNCTION = YES;
				GCC_WARN_UNUSED_VARIABLE = YES;
				IPHONEOS_DEPLOYMENT_TARGET = 11.2;
				MTL_ENABLE_DEBUG_INFO = YES;
				ONLY_ACTIVE_ARCH = YES;
				SDKROOT = iphoneos;
				SWIFT_ACTIVE_COMPILATION_CONDITIONS = DEBUG;
				SWIFT_OPTIMIZATION_LEVEL = "-Onone";
			};
			name = Debug;
		};
		A54DF8AF1FDFE7B600C78248 /* Release */ = {
			isa = XCBuildConfiguration;
			buildSettings = {
				ALWAYS_SEARCH_USER_PATHS = NO;
				CLANG_ANALYZER_NONNULL = YES;
				CLANG_ANALYZER_NUMBER_OBJECT_CONVERSION = YES_AGGRESSIVE;
				CLANG_CXX_LANGUAGE_STANDARD = "gnu++14";
				CLANG_CXX_LIBRARY = "libc++";
				CLANG_ENABLE_MODULES = YES;
				CLANG_ENABLE_OBJC_ARC = YES;
				CLANG_WARN_BLOCK_CAPTURE_AUTORELEASING = YES;
				CLANG_WARN_BOOL_CONVERSION = YES;
				CLANG_WARN_COMMA = YES;
				CLANG_WARN_CONSTANT_CONVERSION = YES;
				CLANG_WARN_DIRECT_OBJC_ISA_USAGE = YES_ERROR;
				CLANG_WARN_DOCUMENTATION_COMMENTS = YES;
				CLANG_WARN_EMPTY_BODY = YES;
				CLANG_WARN_ENUM_CONVERSION = YES;
				CLANG_WARN_INFINITE_RECURSION = YES;
				CLANG_WARN_INT_CONVERSION = YES;
				CLANG_WARN_NON_LITERAL_NULL_CONVERSION = YES;
				CLANG_WARN_OBJC_LITERAL_CONVERSION = YES;
				CLANG_WARN_OBJC_ROOT_CLASS = YES_ERROR;
				CLANG_WARN_RANGE_LOOP_ANALYSIS = YES;
				CLANG_WARN_STRICT_PROTOTYPES = YES;
				CLANG_WARN_SUSPICIOUS_MOVE = YES;
				CLANG_WARN_UNGUARDED_AVAILABILITY = YES_AGGRESSIVE;
				CLANG_WARN_UNREACHABLE_CODE = YES;
				CLANG_WARN__DUPLICATE_METHOD_MATCH = YES;
				CODE_SIGN_IDENTITY = "iPhone Developer";
				COPY_PHASE_STRIP = NO;
				DEBUG_INFORMATION_FORMAT = "dwarf-with-dsym";
				ENABLE_NS_ASSERTIONS = NO;
				ENABLE_STRICT_OBJC_MSGSEND = YES;
				GCC_C_LANGUAGE_STANDARD = gnu11;
				GCC_NO_COMMON_BLOCKS = YES;
				GCC_WARN_64_TO_32_BIT_CONVERSION = YES;
				GCC_WARN_ABOUT_RETURN_TYPE = YES_ERROR;
				GCC_WARN_UNDECLARED_SELECTOR = YES;
				GCC_WARN_UNINITIALIZED_AUTOS = YES_AGGRESSIVE;
				GCC_WARN_UNUSED_FUNCTION = YES;
				GCC_WARN_UNUSED_VARIABLE = YES;
				IPHONEOS_DEPLOYMENT_TARGET = 11.2;
				MTL_ENABLE_DEBUG_INFO = NO;
				SDKROOT = iphoneos;
				SWIFT_OPTIMIZATION_LEVEL = "-Owholemodule";
				VALIDATE_PRODUCT = YES;
			};
			name = Release;
		};
		A54DF8B11FDFE7B600C78248 /* Debug */ = {
			isa = XCBuildConfiguration;
			baseConfigurationReference = 6ED27C970D56A66D51C2B7DE /* Pods-WeatherApp.debug.xcconfig */;
			buildSettings = {
				ASSETCATALOG_COMPILER_APPICON_NAME = AppIcon;
				CODE_SIGN_STYLE = Automatic;
				INFOPLIST_FILE = WeatherApp/Info.plist;
				LD_RUNPATH_SEARCH_PATHS = "$(inherited) @executable_path/Frameworks";
				PRODUCT_BUNDLE_IDENTIFIER = com.MoElnaggar.WeatherApp;
				PRODUCT_NAME = "$(TARGET_NAME)";
				SWIFT_VERSION = 4.0;
				TARGETED_DEVICE_FAMILY = 1;
			};
			name = Debug;
		};
		A54DF8B21FDFE7B600C78248 /* Release */ = {
			isa = XCBuildConfiguration;
			baseConfigurationReference = 4DC927DC91A91E6A8951BBDD /* Pods-WeatherApp.release.xcconfig */;
			buildSettings = {
				ASSETCATALOG_COMPILER_APPICON_NAME = AppIcon;
				CODE_SIGN_STYLE = Automatic;
				INFOPLIST_FILE = WeatherApp/Info.plist;
				LD_RUNPATH_SEARCH_PATHS = "$(inherited) @executable_path/Frameworks";
				PRODUCT_BUNDLE_IDENTIFIER = com.MoElnaggar.WeatherApp;
				PRODUCT_NAME = "$(TARGET_NAME)";
				SWIFT_VERSION = 4.0;
				TARGETED_DEVICE_FAMILY = 1;
			};
			name = Release;
		};
/* End XCBuildConfiguration section */

/* Begin XCConfigurationList section */
		A54DF8991FDFE7B600C78248 /* Build configuration list for PBXProject "WeatherApp" */ = {
			isa = XCConfigurationList;
			buildConfigurations = (
				A54DF8AE1FDFE7B600C78248 /* Debug */,
				A54DF8AF1FDFE7B600C78248 /* Release */,
			);
			defaultConfigurationIsVisible = 0;
			defaultConfigurationName = Release;
		};
		A54DF8B01FDFE7B600C78248 /* Build configuration list for PBXNativeTarget "WeatherApp" */ = {
			isa = XCConfigurationList;
			buildConfigurations = (
				A54DF8B11FDFE7B600C78248 /* Debug */,
				A54DF8B21FDFE7B600C78248 /* Release */,
			);
			defaultConfigurationIsVisible = 0;
			defaultConfigurationName = Release;
		};
/* End XCConfigurationList section */
	};
	rootObject = A54DF8961FDFE7B600C78248 /* Project object */;
}
